
Microsoft Visual Studio Solution File, Format Version 12.00
# Visual Studio 2012
Project("{FAE04EC0-301F-11D3-BF4B-00C04F79EFBC}") = "SemVerAdvisor", "SemVerAdvisor.csproj", "{08CAA9E1-8D45-4063-A7BD-923798EFC802}"
EndProject
Global
	GlobalSection(SolutionConfigurationPlatforms) = preSolution
		Debug|Any CPU = Debug|Any CPU
		Release|Any CPU = Release|Any CPU
	EndGlobalSection
	GlobalSection(ProjectConfigurationPlatforms) = postSolution
		{08CAA9E1-8D45-4063-A7BD-923798EFC802}.Debug|Any CPU.ActiveCfg = Debug|Any CPU
		{08CAA9E1-8D45-4063-A7BD-923798EFC802}.Debug|Any CPU.Build.0 = Debug|Any CPU
		{08CAA9E1-8D45-4063-A7BD-923798EFC802}.Release|Any CPU.ActiveCfg = Release|Any CPU
		{08CAA9E1-8D45-4063-A7BD-923798EFC802}.Release|Any CPU.Build.0 = Release|Any CPU
	EndGlobalSection
EndGlobal
